// !$*UTF8*$!
{
	archiveVersion = 1;
	classes = {
	};
	objectVersion = 50;
	objects = {

/* Begin PBXBuildFile section */
		EBA884F22645FC3B0011CBA7 /* AppDelegate.swift in Sources */ = {isa = PBXBuildFile; fileRef = EBA884F12645FC3B0011CBA7 /* AppDelegate.swift */; };
		EBA884FB2645FC3F0011CBA7 /* Assets.xcassets in Resources */ = {isa = PBXBuildFile; fileRef = EBA884FA2645FC3F0011CBA7 /* Assets.xcassets */; };
		EBA884FE2645FC3F0011CBA7 /* LaunchScreen.storyboard in Resources */ = {isa = PBXBuildFile; fileRef = EBA884FC2645FC3F0011CBA7 /* LaunchScreen.storyboard */; };
		EBA8851A2645FCAF0011CBA7 /* Main.storyboard in Resources */ = {isa = PBXBuildFile; fileRef = EBA885072645FCAE0011CBA7 /* Main.storyboard */; };
		EBA8851C2645FCAF0011CBA7 /* Characters.swift in Sources */ = {isa = PBXBuildFile; fileRef = EBA8850B2645FCAE0011CBA7 /* Characters.swift */; };
		EBA8851E2645FCAF0011CBA7 /* Rules.swift in Sources */ = {isa = PBXBuildFile; fileRef = EBA8850E2645FCAE0011CBA7 /* Rules.swift */; };
		EBA8851F2645FCAF0011CBA7 /* PasswordGenerator.swift in Sources */ = {isa = PBXBuildFile; fileRef = EBA8850F2645FCAE0011CBA7 /* PasswordGenerator.swift */; };
		EBA885202645FCAF0011CBA7 /* PasswordGeneratorViewController.swift in Sources */ = {isa = PBXBuildFile; fileRef = EBA885112645FCAF0011CBA7 /* PasswordGeneratorViewController.swift */; };
		EBA885212645FCAF0011CBA7 /* SafetyTipsViewController.swift in Sources */ = {isa = PBXBuildFile; fileRef = EBA885122645FCAF0011CBA7 /* SafetyTipsViewController.swift */; };
		EBA885222645FCAF0011CBA7 /* ShowPasswordsViewController.swift in Sources */ = {isa = PBXBuildFile; fileRef = EBA885132645FCAF0011CBA7 /* ShowPasswordsViewController.swift */; };
		EBA885232645FCAF0011CBA7 /* Storyboarded.swift in Sources */ = {isa = PBXBuildFile; fileRef = EBA885152645FCAF0011CBA7 /* Storyboarded.swift */; };
		EBA885242645FCAF0011CBA7 /* MainCoordinator.swift in Sources */ = {isa = PBXBuildFile; fileRef = EBA885162645FCAF0011CBA7 /* MainCoordinator.swift */; };
		EBA885252645FCAF0011CBA7 /* Coordinator.swift in Sources */ = {isa = PBXBuildFile; fileRef = EBA885172645FCAF0011CBA7 /* Coordinator.swift */; };
		EBA885262645FCAF0011CBA7 /* ShowPasswordsViewModel.swift in Sources */ = {isa = PBXBuildFile; fileRef = EBA885192645FCAF0011CBA7 /* ShowPasswordsViewModel.swift */; };
		EBA88531264601EC0011CBA7 /* SetupViewController.swift in Sources */ = {isa = PBXBuildFile; fileRef = EBA8852F264601EC0011CBA7 /* SetupViewController.swift */; };
		EBA88532264601EC0011CBA7 /* SetupViewController.xib in Resources */ = {isa = PBXBuildFile; fileRef = EBA88530264601EC0011CBA7 /* SetupViewController.xib */; };
		EBF23D9A2647467900A8CE98 /* PasswordGeneratorViewModel.swift in Sources */ = {isa = PBXBuildFile; fileRef = EBF23D992647467900A8CE98 /* PasswordGeneratorViewModel.swift */; };
		EBF23DA3264748ED00A8CE98 /* SetupViewModel.swift in Sources */ = {isa = PBXBuildFile; fileRef = EBF23DA2264748ED00A8CE98 /* SetupViewModel.swift */; };
/* End PBXBuildFile section */

/* Begin PBXFileReference section */
		EBA884EE2645FC3B0011CBA7 /* iOSDevMentoringSuperSenha.app */ = {isa = PBXFileReference; explicitFileType = wrapper.application; includeInIndex = 0; path = iOSDevMentoringSuperSenha.app; sourceTree = BUILT_PRODUCTS_DIR; };
		EBA884F12645FC3B0011CBA7 /* AppDelegate.swift */ = {isa = PBXFileReference; lastKnownFileType = sourcecode.swift; path = AppDelegate.swift; sourceTree = "<group>"; };
		EBA884FA2645FC3F0011CBA7 /* Assets.xcassets */ = {isa = PBXFileReference; lastKnownFileType = folder.assetcatalog; path = Assets.xcassets; sourceTree = "<group>"; };
		EBA884FD2645FC3F0011CBA7 /* Base */ = {isa = PBXFileReference; lastKnownFileType = file.storyboard; name = Base; path = Base.lproj/LaunchScreen.storyboard; sourceTree = "<group>"; };
		EBA884FF2645FC3F0011CBA7 /* Info.plist */ = {isa = PBXFileReference; lastKnownFileType = text.plist.xml; path = Info.plist; sourceTree = "<group>"; };
		EBA885082645FCAE0011CBA7 /* Base */ = {isa = PBXFileReference; lastKnownFileType = file.storyboard; name = Base; path = Base.lproj/Main.storyboard; sourceTree = "<group>"; };
		EBA8850B2645FCAE0011CBA7 /* Characters.swift */ = {isa = PBXFileReference; fileEncoding = 4; lastKnownFileType = sourcecode.swift; path = Characters.swift; sourceTree = "<group>"; };
		EBA8850E2645FCAE0011CBA7 /* Rules.swift */ = {isa = PBXFileReference; fileEncoding = 4; lastKnownFileType = sourcecode.swift; path = Rules.swift; sourceTree = "<group>"; };
		EBA8850F2645FCAE0011CBA7 /* PasswordGenerator.swift */ = {isa = PBXFileReference; fileEncoding = 4; lastKnownFileType = sourcecode.swift; path = PasswordGenerator.swift; sourceTree = "<group>"; };
		EBA885112645FCAF0011CBA7 /* PasswordGeneratorViewController.swift */ = {isa = PBXFileReference; fileEncoding = 4; lastKnownFileType = sourcecode.swift; path = PasswordGeneratorViewController.swift; sourceTree = "<group>"; };
		EBA885122645FCAF0011CBA7 /* SafetyTipsViewController.swift */ = {isa = PBXFileReference; fileEncoding = 4; lastKnownFileType = sourcecode.swift; path = SafetyTipsViewController.swift; sourceTree = "<group>"; };
		EBA885132645FCAF0011CBA7 /* ShowPasswordsViewController.swift */ = {isa = PBXFileReference; fileEncoding = 4; lastKnownFileType = sourcecode.swift; path = ShowPasswordsViewController.swift; sourceTree = "<group>"; };
		EBA885152645FCAF0011CBA7 /* Storyboarded.swift */ = {isa = PBXFileReference; fileEncoding = 4; lastKnownFileType = sourcecode.swift; path = Storyboarded.swift; sourceTree = "<group>"; };
		EBA885162645FCAF0011CBA7 /* MainCoordinator.swift */ = {isa = PBXFileReference; fileEncoding = 4; lastKnownFileType = sourcecode.swift; path = MainCoordinator.swift; sourceTree = "<group>"; };
		EBA885172645FCAF0011CBA7 /* Coordinator.swift */ = {isa = PBXFileReference; fileEncoding = 4; lastKnownFileType = sourcecode.swift; path = Coordinator.swift; sourceTree = "<group>"; };
		EBA885192645FCAF0011CBA7 /* ShowPasswordsViewModel.swift */ = {isa = PBXFileReference; fileEncoding = 4; lastKnownFileType = sourcecode.swift; path = ShowPasswordsViewModel.swift; sourceTree = "<group>"; };
		EBA8852F264601EC0011CBA7 /* SetupViewController.swift */ = {isa = PBXFileReference; lastKnownFileType = sourcecode.swift; path = SetupViewController.swift; sourceTree = "<group>"; };
		EBA88530264601EC0011CBA7 /* SetupViewController.xib */ = {isa = PBXFileReference; lastKnownFileType = file.xib; path = SetupViewController.xib; sourceTree = "<group>"; };
		EBF23D992647467900A8CE98 /* PasswordGeneratorViewModel.swift */ = {isa = PBXFileReference; lastKnownFileType = sourcecode.swift; path = PasswordGeneratorViewModel.swift; sourceTree = "<group>"; };
		EBF23DA2264748ED00A8CE98 /* SetupViewModel.swift */ = {isa = PBXFileReference; lastKnownFileType = sourcecode.swift; path = SetupViewModel.swift; sourceTree = "<group>"; };
/* End PBXFileReference section */

/* Begin PBXFrameworksBuildPhase section */
		EBA884EB2645FC3B0011CBA7 /* Frameworks */ = {
			isa = PBXFrameworksBuildPhase;
			buildActionMask = 2147483647;
			files = (
			);
			runOnlyForDeploymentPostprocessing = 0;
		};
/* End PBXFrameworksBuildPhase section */

/* Begin PBXGroup section */
		EBA884E52645FC3B0011CBA7 = {
			isa = PBXGroup;
			children = (
				EBA884F02645FC3B0011CBA7 /* iOSDevMentoringSuperSenha */,
				EBA884EF2645FC3B0011CBA7 /* Products */,
			);
			sourceTree = "<group>";
		};
		EBA884EF2645FC3B0011CBA7 /* Products */ = {
			isa = PBXGroup;
			children = (
				EBA884EE2645FC3B0011CBA7 /* iOSDevMentoringSuperSenha.app */,
			);
			name = Products;
			sourceTree = "<group>";
		};
		EBA884F02645FC3B0011CBA7 /* iOSDevMentoringSuperSenha */ = {
			isa = PBXGroup;
			children = (
				EBA885142645FCAF0011CBA7 /* Coordinator */,
				EBA885092645FCAE0011CBA7 /* Helpers */,
				EBA8850D2645FCAE0011CBA7 /* Models */,
				EBA885062645FCAE0011CBA7 /* Storyboard */,
				EBA885102645FCAE0011CBA7 /* Scenes */,
				EBA884F12645FC3B0011CBA7 /* AppDelegate.swift */,
				EBA884FA2645FC3F0011CBA7 /* Assets.xcassets */,
				EBA884FC2645FC3F0011CBA7 /* LaunchScreen.storyboard */,
				EBA884FF2645FC3F0011CBA7 /* Info.plist */,
			);
			path = iOSDevMentoringSuperSenha;
			sourceTree = "<group>";
		};
		EBA885062645FCAE0011CBA7 /* Storyboard */ = {
			isa = PBXGroup;
			children = (
				EBA885072645FCAE0011CBA7 /* Main.storyboard */,
			);
			path = Storyboard;
			sourceTree = "<group>";
		};
		EBA885092645FCAE0011CBA7 /* Helpers */ = {
			isa = PBXGroup;
			children = (
				EBA8850B2645FCAE0011CBA7 /* Characters.swift */,
			);
			path = Helpers;
			sourceTree = "<group>";
		};
		EBA8850D2645FCAE0011CBA7 /* Models */ = {
			isa = PBXGroup;
			children = (
				EBA8850E2645FCAE0011CBA7 /* Rules.swift */,
				EBA8850F2645FCAE0011CBA7 /* PasswordGenerator.swift */,
			);
			path = Models;
			sourceTree = "<group>";
		};
		EBA885102645FCAE0011CBA7 /* Scenes */ = {
			isa = PBXGroup;
			children = (
				EBA8852E264601660011CBA7 /* Setup */,
				EBF23D9D264746A200A8CE98 /* PasswordGenerator */,
				EBF23D9E264746AC00A8CE98 /* ShowPasswords */,
				EBF23DA0264747B700A8CE98 /* SafetyTips */,
			);
			path = Scenes;
			sourceTree = "<group>";
		};
		EBA885142645FCAF0011CBA7 /* Coordinator */ = {
			isa = PBXGroup;
			children = (
				EBA885152645FCAF0011CBA7 /* Storyboarded.swift */,
				EBA885172645FCAF0011CBA7 /* Coordinator.swift */,
				EBA885162645FCAF0011CBA7 /* MainCoordinator.swift */,
			);
			path = Coordinator;
			sourceTree = "<group>";
		};
		EBA8852E264601660011CBA7 /* Setup */ = {
			isa = PBXGroup;
			children = (
				EBF23DA2264748ED00A8CE98 /* SetupViewModel.swift */,
				EBA8852F264601EC0011CBA7 /* SetupViewController.swift */,
				EBA88530264601EC0011CBA7 /* SetupViewController.xib */,
			);
			path = Setup;
			sourceTree = "<group>";
		};
		EBF23D9D264746A200A8CE98 /* PasswordGenerator */ = {
			isa = PBXGroup;
			children = (
				EBA885112645FCAF0011CBA7 /* PasswordGeneratorViewController.swift */,
				EBF23D992647467900A8CE98 /* PasswordGeneratorViewModel.swift */,
			);
			path = PasswordGenerator;
			sourceTree = "<group>";
		};
		EBF23D9E264746AC00A8CE98 /* ShowPasswords */ = {
			isa = PBXGroup;
			children = (
				EBA885132645FCAF0011CBA7 /* ShowPasswordsViewController.swift */,
				EBA885192645FCAF0011CBA7 /* ShowPasswordsViewModel.swift */,
			);
			path = ShowPasswords;
			sourceTree = "<group>";
		};
		EBF23DA0264747B700A8CE98 /* SafetyTips */ = {
			isa = PBXGroup;
			children = (
				EBA885122645FCAF0011CBA7 /* SafetyTipsViewController.swift */,
			);
			path = SafetyTips;
			sourceTree = "<group>";
		};
/* End PBXGroup section */

/* Begin PBXNativeTarget section */
		EBA884ED2645FC3B0011CBA7 /* iOSDevMentoringSuperSenha */ = {
			isa = PBXNativeTarget;
			buildConfigurationList = EBA885022645FC3F0011CBA7 /* Build configuration list for PBXNativeTarget "iOSDevMentoringSuperSenha" */;
			buildPhases = (
				EBA884EA2645FC3B0011CBA7 /* Sources */,
				EBA884EB2645FC3B0011CBA7 /* Frameworks */,
				EBA884EC2645FC3B0011CBA7 /* Resources */,
			);
			buildRules = (
			);
			dependencies = (
			);
			name = iOSDevMentoringSuperSenha;
			productName = iOSDevMentoringSuperSenha;
			productReference = EBA884EE2645FC3B0011CBA7 /* iOSDevMentoringSuperSenha.app */;
			productType = "com.apple.product-type.application";
		};
/* End PBXNativeTarget section */

/* Begin PBXProject section */
		EBA884E62645FC3B0011CBA7 /* Project object */ = {
			isa = PBXProject;
			attributes = {
				LastSwiftUpdateCheck = 1240;
				LastUpgradeCheck = 1240;
				TargetAttributes = {
					EBA884ED2645FC3B0011CBA7 = {
						CreatedOnToolsVersion = 12.4;
					};
				};
			};
			buildConfigurationList = EBA884E92645FC3B0011CBA7 /* Build configuration list for PBXProject "iOSDevMentoringSuperSenha" */;
			compatibilityVersion = "Xcode 9.3";
			developmentRegion = en;
			hasScannedForEncodings = 0;
			knownRegions = (
				en,
				Base,
			);
			mainGroup = EBA884E52645FC3B0011CBA7;
			productRefGroup = EBA884EF2645FC3B0011CBA7 /* Products */;
			projectDirPath = "";
			projectRoot = "";
			targets = (
				EBA884ED2645FC3B0011CBA7 /* iOSDevMentoringSuperSenha */,
			);
		};
/* End PBXProject section */

/* Begin PBXResourcesBuildPhase section */
		EBA884EC2645FC3B0011CBA7 /* Resources */ = {
			isa = PBXResourcesBuildPhase;
			buildActionMask = 2147483647;
			files = (
				EBA88532264601EC0011CBA7 /* SetupViewController.xib in Resources */,
				EBA884FE2645FC3F0011CBA7 /* LaunchScreen.storyboard in Resources */,
				EBA884FB2645FC3F0011CBA7 /* Assets.xcassets in Resources */,
				EBA8851A2645FCAF0011CBA7 /* Main.storyboard in Resources */,
			);
			runOnlyForDeploymentPostprocessing = 0;
		};
/* End PBXResourcesBuildPhase section */

/* Begin PBXSourcesBuildPhase section */
		EBA884EA2645FC3B0011CBA7 /* Sources */ = {
			isa = PBXSourcesBuildPhase;
			buildActionMask = 2147483647;
			files = (
				EBA885212645FCAF0011CBA7 /* SafetyTipsViewController.swift in Sources */,
				EBA884F22645FC3B0011CBA7 /* AppDelegate.swift in Sources */,
				EBA885262645FCAF0011CBA7 /* ShowPasswordsViewModel.swift in Sources */,
				EBA885222645FCAF0011CBA7 /* ShowPasswordsViewController.swift in Sources */,
				EBF23DA3264748ED00A8CE98 /* SetupViewModel.swift in Sources */,
				EBA88531264601EC0011CBA7 /* SetupViewController.swift in Sources */,
				EBA885252645FCAF0011CBA7 /* Coordinator.swift in Sources */,
				EBA8851F2645FCAF0011CBA7 /* PasswordGenerator.swift in Sources */,
				EBA885202645FCAF0011CBA7 /* PasswordGeneratorViewController.swift in Sources */,
				EBA8851E2645FCAF0011CBA7 /* Rules.swift in Sources */,
				EBF23D9A2647467900A8CE98 /* PasswordGeneratorViewModel.swift in Sources */,
				EBA885242645FCAF0011CBA7 /* MainCoordinator.swift in Sources */,
				EBA8851C2645FCAF0011CBA7 /* Characters.swift in Sources */,
				EBA885232645FCAF0011CBA7 /* Storyboarded.swift in Sources */,
			);
			runOnlyForDeploymentPostprocessing = 0;
		};
/* End PBXSourcesBuildPhase section */

/* Begin PBXVariantGroup section */
		EBA884FC2645FC3F0011CBA7 /* LaunchScreen.storyboard */ = {
			isa = PBXVariantGroup;
			children = (
				EBA884FD2645FC3F0011CBA7 /* Base */,
			);
			name = LaunchScreen.storyboard;
			sourceTree = "<group>";
		};
		EBA885072645FCAE0011CBA7 /* Main.storyboard */ = {
			isa = PBXVariantGroup;
			children = (
				EBA885082645FCAE0011CBA7 /* Base */,
			);
			name = Main.storyboard;
			sourceTree = "<group>";
		};
/* End PBXVariantGroup section */

/* Begin XCBuildConfiguration section */
		EBA885002645FC3F0011CBA7 /* Debug */ = {
			isa = XCBuildConfiguration;
			buildSettings = {
				ALWAYS_SEARCH_USER_PATHS = NO;
				CLANG_ANALYZER_NONNULL = YES;
				CLANG_ANALYZER_NUMBER_OBJECT_CONVERSION = YES_AGGRESSIVE;
				CLANG_CXX_LANGUAGE_STANDARD = "gnu++14";
				CLANG_CXX_LIBRARY = "libc++";
				CLANG_ENABLE_MODULES = YES;
				CLANG_ENABLE_OBJC_ARC = YES;
				CLANG_ENABLE_OBJC_WEAK = YES;
				CLANG_WARN_BLOCK_CAPTURE_AUTORELEASING = YES;
				CLANG_WARN_BOOL_CONVERSION = YES;
				CLANG_WARN_COMMA = YES;
				CLANG_WARN_CONSTANT_CONVERSION = YES;
				CLANG_WARN_DEPRECATED_OBJC_IMPLEMENTATIONS = YES;
				CLANG_WARN_DIRECT_OBJC_ISA_USAGE = YES_ERROR;
				CLANG_WARN_DOCUMENTATION_COMMENTS = YES;
				CLANG_WARN_EMPTY_BODY = YES;
				CLANG_WARN_ENUM_CONVERSION = YES;
				CLANG_WARN_INFINITE_RECURSION = YES;
				CLANG_WARN_INT_CONVERSION = YES;
				CLANG_WARN_NON_LITERAL_NULL_CONVERSION = YES;
				CLANG_WARN_OBJC_IMPLICIT_RETAIN_SELF = YES;
				CLANG_WARN_OBJC_LITERAL_CONVERSION = YES;
				CLANG_WARN_OBJC_ROOT_CLASS = YES_ERROR;
				CLANG_WARN_QUOTED_INCLUDE_IN_FRAMEWORK_HEADER = YES;
				CLANG_WARN_RANGE_LOOP_ANALYSIS = YES;
				CLANG_WARN_STRICT_PROTOTYPES = YES;
				CLANG_WARN_SUSPICIOUS_MOVE = YES;
				CLANG_WARN_UNGUARDED_AVAILABILITY = YES_AGGRESSIVE;
				CLANG_WARN_UNREACHABLE_CODE = YES;
				CLANG_WARN__DUPLICATE_METHOD_MATCH = YES;
				COPY_PHASE_STRIP = NO;
				DEBUG_INFORMATION_FORMAT = dwarf;
				ENABLE_STRICT_OBJC_MSGSEND = YES;
				ENABLE_TESTABILITY = YES;
				GCC_C_LANGUAGE_STANDARD = gnu11;
				GCC_DYNAMIC_NO_PIC = NO;
				GCC_NO_COMMON_BLOCKS = YES;
				GCC_OPTIMIZATION_LEVEL = 0;
				GCC_PREPROCESSOR_DEFINITIONS = (
					"DEBUG=1",
					"$(inherited)",
				);
				GCC_WARN_64_TO_32_BIT_CONVERSION = YES;
				GCC_WARN_ABOUT_RETURN_TYPE = YES_ERROR;
				GCC_WARN_UNDECLARED_SELECTOR = YES;
				GCC_WARN_UNINITIALIZED_AUTOS = YES_AGGRESSIVE;
				GCC_WARN_UNUSED_FUNCTION = YES;
				GCC_WARN_UNUSED_VARIABLE = YES;
				IPHONEOS_DEPLOYMENT_TARGET = 14.4;
				MTL_ENABLE_DEBUG_INFO = INCLUDE_SOURCE;
				MTL_FAST_MATH = YES;
				ONLY_ACTIVE_ARCH = YES;
				SDKROOT = iphoneos;
				SWIFT_ACTIVE_COMPILATION_CONDITIONS = DEBUG;
				SWIFT_OPTIMIZATION_LEVEL = "-Onone";
			};
			name = Debug;
		};
		EBA885012645FC3F0011CBA7 /* Release */ = {
			isa = XCBuildConfiguration;
			buildSettings = {
				ALWAYS_SEARCH_USER_PATHS = NO;
				CLANG_ANALYZER_NONNULL = YES;
				CLANG_ANALYZER_NUMBER_OBJECT_CONVERSION = YES_AGGRESSIVE;
				CLANG_CXX_LANGUAGE_STANDARD = "gnu++14";
				CLANG_CXX_LIBRARY = "libc++";
				CLANG_ENABLE_MODULES = YES;
				CLANG_ENABLE_OBJC_ARC = YES;
				CLANG_ENABLE_OBJC_WEAK = YES;
				CLANG_WARN_BLOCK_CAPTURE_AUTORELEASING = YES;
				CLANG_WARN_BOOL_CONVERSION = YES;
				CLANG_WARN_COMMA = YES;
				CLANG_WARN_CONSTANT_CONVERSION = YES;
				CLANG_WARN_DEPRECATED_OBJC_IMPLEMENTATIONS = YES;
				CLANG_WARN_DIRECT_OBJC_ISA_USAGE = YES_ERROR;
				CLANG_WARN_DOCUMENTATION_COMMENTS = YES;
				CLANG_WARN_EMPTY_BODY = YES;
				CLANG_WARN_ENUM_CONVERSION = YES;
				CLANG_WARN_INFINITE_RECURSION = YES;
				CLANG_WARN_INT_CONVERSION = YES;
				CLANG_WARN_NON_LITERAL_NULL_CONVERSION = YES;
				CLANG_WARN_OBJC_IMPLICIT_RETAIN_SELF = YES;
				CLANG_WARN_OBJC_LITERAL_CONVERSION = YES;
				CLANG_WARN_OBJC_ROOT_CLASS = YES_ERROR;
				CLANG_WARN_QUOTED_INCLUDE_IN_FRAMEWORK_HEADER = YES;
				CLANG_WARN_RANGE_LOOP_ANALYSIS = YES;
				CLANG_WARN_STRICT_PROTOTYPES = YES;
				CLANG_WARN_SUSPICIOUS_MOVE = YES;
				CLANG_WARN_UNGUARDED_AVAILABILITY = YES_AGGRESSIVE;
				CLANG_WARN_UNREACHABLE_CODE = YES;
				CLANG_WARN__DUPLICATE_METHOD_MATCH = YES;
				COPY_PHASE_STRIP = NO;
				DEBUG_INFORMATION_FORMAT = "dwarf-with-dsym";
				ENABLE_NS_ASSERTIONS = NO;
				ENABLE_STRICT_OBJC_MSGSEND = YES;
				GCC_C_LANGUAGE_STANDARD = gnu11;
				GCC_NO_COMMON_BLOCKS = YES;
				GCC_WARN_64_TO_32_BIT_CONVERSION = YES;
				GCC_WARN_ABOUT_RETURN_TYPE = YES_ERROR;
				GCC_WARN_UNDECLARED_SELECTOR = YES;
				GCC_WARN_UNINITIALIZED_AUTOS = YES_AGGRESSIVE;
				GCC_WARN_UNUSED_FUNCTION = YES;
				GCC_WARN_UNUSED_VARIABLE = YES;
				IPHONEOS_DEPLOYMENT_TARGET = 14.4;
				MTL_ENABLE_DEBUG_INFO = NO;
				MTL_FAST_MATH = YES;
				SDKROOT = iphoneos;
				SWIFT_COMPILATION_MODE = wholemodule;
				SWIFT_OPTIMIZATION_LEVEL = "-O";
				VALIDATE_PRODUCT = YES;
			};
			name = Release;
		};
		EBA885032645FC3F0011CBA7 /* Debug */ = {
			isa = XCBuildConfiguration;
			buildSettings = {
				ASSETCATALOG_COMPILER_APPICON_NAME = AppIcon;
				ASSETCATALOG_COMPILER_GLOBAL_ACCENT_COLOR_NAME = AccentColor;
				CODE_SIGN_STYLE = Automatic;
				DEVELOPMENT_TEAM = QYTBFAGYUA;
				INFOPLIST_FILE = iOSDevMentoringSuperSenha/Info.plist;
				LD_RUNPATH_SEARCH_PATHS = (
					"$(inherited)",
					"@executable_path/Frameworks",
				);
				PRODUCT_BUNDLE_IDENTIFIER = iosarcher.iOSDevMentoringSuperSenha;
				PRODUCT_NAME = "$(TARGET_NAME)";
				SWIFT_VERSION = 5.0;
				TARGETED_DEVICE_FAMILY = "1,2";
			};
			name = Debug;
		};
		EBA885042645FC3F0011CBA7 /* Release */ = {
			isa = XCBuildConfiguration;
			buildSettings = {
				ASSETCATALOG_COMPILER_APPICON_NAME = AppIcon;
				ASSETCATALOG_COMPILER_GLOBAL_ACCENT_COLOR_NAME = AccentColor;
				CODE_SIGN_STYLE = Automatic;
				DEVELOPMENT_TEAM = QYTBFAGYUA;
				INFOPLIST_FILE = iOSDevMentoringSuperSenha/Info.plist;
				LD_RUNPATH_SEARCH_PATHS = (
					"$(inherited)",
					"@executable_path/Frameworks",
				);
				PRODUCT_BUNDLE_IDENTIFIER = iosarcher.iOSDevMentoringSuperSenha;
				PRODUCT_NAME = "$(TARGET_NAME)";
				SWIFT_VERSION = 5.0;
				TARGETED_DEVICE_FAMILY = "1,2";
			};
			name = Release;
		};
/* End XCBuildConfiguration section */

/* Begin XCConfigurationList section */
		EBA884E92645FC3B0011CBA7 /* Build configuration list for PBXProject "iOSDevMentoringSuperSenha" */ = {
			isa = XCConfigurationList;
			buildConfigurations = (
				EBA885002645FC3F0011CBA7 /* Debug */,
				EBA885012645FC3F0011CBA7 /* Release */,
			);
			defaultConfigurationIsVisible = 0;
			defaultConfigurationName = Release;
		};
		EBA885022645FC3F0011CBA7 /* Build configuration list for PBXNativeTarget "iOSDevMentoringSuperSenha" */ = {
			isa = XCConfigurationList;
			buildConfigurations = (
				EBA885032645FC3F0011CBA7 /* Debug */,
				EBA885042645FC3F0011CBA7 /* Release */,
			);
			defaultConfigurationIsVisible = 0;
			defaultConfigurationName = Release;
		};
/* End XCConfigurationList section */
	};
	rootObject = EBA884E62645FC3B0011CBA7 /* Project object */;
}
